
Microsoft Visual Studio Solution File, Format Version 12.00
# Visual Studio Version 17
VisualStudioVersion = 17.12.35527.113
MinimumVisualStudioVersion = 10.0.40219.1
Project("{FAE04EC0-301F-11D3-BF4B-00C04F79EFBC}") = "TekniskOpgave_Montorer_Overmontorer", "TekniskOpgave_Montorer_Overmontorer\TekniskOpgave_Montorer_Overmontorer.csproj", "{075C94B6-57C0-4784-B9AF-FE6DA62C1151}"
EndProject
Project("{FAE04EC0-301F-11D3-BF4B-00C04F79EFBC}") = "TekniskOpgave.DAL", "TekniskOpgave.DAL\TekniskOpgave.DAL.csproj", "{1E9E989D-E94F-4246-9196-FE9816408C39}"
EndProject
Global
	GlobalSection(SolutionConfigurationPlatforms) = preSolution
		Debug|Any CPU = Debug|Any CPU
		Release|Any CPU = Release|Any CPU
	EndGlobalSection
	GlobalSection(ProjectConfigurationPlatforms) = postSolution
		{075C94B6-57C0-4784-B9AF-FE6DA62C1151}.Debug|Any CPU.ActiveCfg = Debug|Any CPU
		{075C94B6-57C0-4784-B9AF-FE6DA62C1151}.Debug|Any CPU.Build.0 = Debug|Any CPU
		{075C94B6-57C0-4784-B9AF-FE6DA62C1151}.Release|Any CPU.ActiveCfg = Release|Any CPU
		{075C94B6-57C0-4784-B9AF-FE6DA62C1151}.Release|Any CPU.Build.0 = Release|Any CPU
		{1E9E989D-E94F-4246-9196-FE9816408C39}.Debug|Any CPU.ActiveCfg = Debug|Any CPU
		{1E9E989D-E94F-4246-9196-FE9816408C39}.Debug|Any CPU.Build.0 = Debug|Any CPU
		{1E9E989D-E94F-4246-9196-FE9816408C39}.Release|Any CPU.ActiveCfg = Release|Any CPU
		{1E9E989D-E94F-4246-9196-FE9816408C39}.Release|Any CPU.Build.0 = Release|Any CPU
	EndGlobalSection
	GlobalSection(SolutionProperties) = preSolution
		HideSolutionNode = FALSE
	EndGlobalSection
EndGlobal
